
Microsoft Visual Studio Solution File, Format Version 12.00
# Visual Studio 2012
Project("{FAE04EC0-301F-11D3-BF4B-00C04F79EFBC}") = "DragonClassSlayer", "DragonClassSlayer\DragonClassSlayer.csproj", "{536AC13D-7B68-4FEB-9048-41EE09AE370E}"
EndProject
Global
	GlobalSection(SolutionConfigurationPlatforms) = preSolution
		Debug|Any CPU = Debug|Any CPU
		Release|Any CPU = Release|Any CPU
	EndGlobalSection
	GlobalSection(ProjectConfigurationPlatforms) = postSolution
		{536AC13D-7B68-4FEB-9048-41EE09AE370E}.Debug|Any CPU.ActiveCfg = Debug|Any CPU
		{536AC13D-7B68-4FEB-9048-41EE09AE370E}.Debug|Any CPU.Build.0 = Debug|Any CPU
		{536AC13D-7B68-4FEB-9048-41EE09AE370E}.Release|Any CPU.ActiveCfg = Release|Any CPU
		{536AC13D-7B68-4FEB-9048-41EE09AE370E}.Release|Any CPU.Build.0 = Release|Any CPU
	EndGlobalSection
	GlobalSection(SolutionProperties) = preSolution
		HideSolutionNode = FALSE
	EndGlobalSection
EndGlobal
